
Microsoft Visual Studio Solution File, Format Version 12.00
# Visual Studio Version 17
VisualStudioVersion = 17.7.34009.444
MinimumVisualStudioVersion = 10.0.40219.1
Project("{FAE04EC0-301F-11D3-BF4B-00C04F79EFBC}") = "Business", "Business\Business.csproj", "{FF7B3E74-7F8B-43D6-ABC4-78E3D55E3FEC}"
EndProject
Project("{FAE04EC0-301F-11D3-BF4B-00C04F79EFBC}") = "Core", "Core\Core.csproj", "{D5EFD55E-2B13-4B4D-A110-92B93712D645}"
EndProject
Project("{FAE04EC0-301F-11D3-BF4B-00C04F79EFBC}") = "DataAccess", "DataAccess\DataAccess.csproj", "{8C29EC89-BE24-448F-8E33-1D8B6C048566}"
EndProject
Project("{FAE04EC0-301F-11D3-BF4B-00C04F79EFBC}") = "Entities", "Entities\Entities.csproj", "{E7A41619-6F4C-4D7A-B8B1-D804AD5852F2}"
EndProject
Project("{FAE04EC0-301F-11D3-BF4B-00C04F79EFBC}") = "WebApi", "WebApi\WebApi.csproj", "{C22109FF-8517-4FA9-8772-120D0FBD098A}"
EndProject
Global
	GlobalSection(SolutionConfigurationPlatforms) = preSolution
		Debug|Any CPU = Debug|Any CPU
		Release|Any CPU = Release|Any CPU
	EndGlobalSection
	GlobalSection(ProjectConfigurationPlatforms) = postSolution
		{FF7B3E74-7F8B-43D6-ABC4-78E3D55E3FEC}.Debug|Any CPU.ActiveCfg = Debug|Any CPU
		{FF7B3E74-7F8B-43D6-ABC4-78E3D55E3FEC}.Debug|Any CPU.Build.0 = Debug|Any CPU
		{FF7B3E74-7F8B-43D6-ABC4-78E3D55E3FEC}.Release|Any CPU.ActiveCfg = Release|Any CPU
		{FF7B3E74-7F8B-43D6-ABC4-78E3D55E3FEC}.Release|Any CPU.Build.0 = Release|Any CPU
		{D5EFD55E-2B13-4B4D-A110-92B93712D645}.Debug|Any CPU.ActiveCfg = Debug|Any CPU
		{D5EFD55E-2B13-4B4D-A110-92B93712D645}.Debug|Any CPU.Build.0 = Debug|Any CPU
		{D5EFD55E-2B13-4B4D-A110-92B93712D645}.Release|Any CPU.ActiveCfg = Release|Any CPU
		{D5EFD55E-2B13-4B4D-A110-92B93712D645}.Release|Any CPU.Build.0 = Release|Any CPU
		{8C29EC89-BE24-448F-8E33-1D8B6C048566}.Debug|Any CPU.ActiveCfg = Debug|Any CPU
		{8C29EC89-BE24-448F-8E33-1D8B6C048566}.Debug|Any CPU.Build.0 = Debug|Any CPU
		{8C29EC89-BE24-448F-8E33-1D8B6C048566}.Release|Any CPU.ActiveCfg = Release|Any CPU
		{8C29EC89-BE24-448F-8E33-1D8B6C048566}.Release|Any CPU.Build.0 = Release|Any CPU
		{E7A41619-6F4C-4D7A-B8B1-D804AD5852F2}.Debug|Any CPU.ActiveCfg = Debug|Any CPU
		{E7A41619-6F4C-4D7A-B8B1-D804AD5852F2}.Debug|Any CPU.Build.0 = Debug|Any CPU
		{E7A41619-6F4C-4D7A-B8B1-D804AD5852F2}.Release|Any CPU.ActiveCfg = Release|Any CPU
		{E7A41619-6F4C-4D7A-B8B1-D804AD5852F2}.Release|Any CPU.Build.0 = Release|Any CPU
		{C22109FF-8517-4FA9-8772-120D0FBD098A}.Debug|Any CPU.ActiveCfg = Debug|Any CPU
		{C22109FF-8517-4FA9-8772-120D0FBD098A}.Debug|Any CPU.Build.0 = Debug|Any CPU
		{C22109FF-8517-4FA9-8772-120D0FBD098A}.Release|Any CPU.ActiveCfg = Release|Any CPU
		{C22109FF-8517-4FA9-8772-120D0FBD098A}.Release|Any CPU.Build.0 = Release|Any CPU
	EndGlobalSection
	GlobalSection(SolutionProperties) = preSolution
		HideSolutionNode = FALSE
	EndGlobalSection
	GlobalSection(ExtensibilityGlobals) = postSolution
		SolutionGuid = {3E7DFC25-3DCA-4F51-9BCE-B544A13EF147}
	EndGlobalSection
EndGlobal
